
Microsoft Visual Studio Solution File, Format Version 12.00
# Visual Studio Version 17
VisualStudioVersion = 17.12.35707.178
MinimumVisualStudioVersion = 10.0.40219.1
Project("{FAE04EC0-301F-11D3-BF4B-00C04F79EFBC}") = "GB_Assigment", "GB_Assigment\GB_Assigment.csproj", "{4ABCFF04-5527-424D-B9E0-9A5B56642932}"
EndProject
Project("{2150E333-8FDC-42A3-9474-1A3956D46DE8}") = "API", "API", "{4196BDD0-C8FE-4A1F-9930-D43C91F37A05}"
EndProject
Project("{2150E333-8FDC-42A3-9474-1A3956D46DE8}") = "Domain", "Domain", "{7E94A6F2-8F01-47F6-94EB-5AF0A9DE4C05}"
EndProject
Project("{2150E333-8FDC-42A3-9474-1A3956D46DE8}") = "Infrastructure", "Infrastructure", "{62CE0AAF-3AFC-43A8-B1BF-2B72CF0551E8}"
EndProject
Project("{FAE04EC0-301F-11D3-BF4B-00C04F79EFBC}") = "GB_Assigment_Domain", "GB_Assigment_Domain\GB_Assigment_Domain.csproj", "{B543009C-C714-44D7-B0BC-FED1069D7016}"
EndProject
Project("{2150E333-8FDC-42A3-9474-1A3956D46DE8}") = "Application", "Application", "{362811BE-6A35-4F4A-8C04-ABE382D0FA94}"
EndProject
Project("{FAE04EC0-301F-11D3-BF4B-00C04F79EFBC}") = "GB_Assigment_Application", "GB_Assigment_Application\GB_Assigment_Application.csproj", "{809DC555-5BF7-4C41-ACB5-DED693B380A0}"
EndProject
Project("{FAE04EC0-301F-11D3-BF4B-00C04F79EFBC}") = "GB_Assigment_Infrastructure", "GB_Assigment_Infrastructure\GB_Assigment_Infrastructure.csproj", "{1C22A885-C3DE-43A2-8D88-2050ABF37E0E}"
EndProject
Project("{2150E333-8FDC-42A3-9474-1A3956D46DE8}") = "Tests", "Tests", "{9478506A-C621-4AAC-A577-F108695D2296}"
EndProject
Project("{FAE04EC0-301F-11D3-BF4B-00C04F79EFBC}") = "GB_Assigment_Tests", "GB_Assigment_Tests\GB_Assigment_Tests.csproj", "{40B83EDA-0E83-48C3-8533-EA2685344295}"
EndProject
Global
	GlobalSection(SolutionConfigurationPlatforms) = preSolution
		Debug|Any CPU = Debug|Any CPU
		Release|Any CPU = Release|Any CPU
	EndGlobalSection
	GlobalSection(ProjectConfigurationPlatforms) = postSolution
		{4ABCFF04-5527-424D-B9E0-9A5B56642932}.Debug|Any CPU.ActiveCfg = Debug|Any CPU
		{4ABCFF04-5527-424D-B9E0-9A5B56642932}.Debug|Any CPU.Build.0 = Debug|Any CPU
		{4ABCFF04-5527-424D-B9E0-9A5B56642932}.Release|Any CPU.ActiveCfg = Release|Any CPU
		{4ABCFF04-5527-424D-B9E0-9A5B56642932}.Release|Any CPU.Build.0 = Release|Any CPU
		{B543009C-C714-44D7-B0BC-FED1069D7016}.Debug|Any CPU.ActiveCfg = Debug|Any CPU
		{B543009C-C714-44D7-B0BC-FED1069D7016}.Debug|Any CPU.Build.0 = Debug|Any CPU
		{B543009C-C714-44D7-B0BC-FED1069D7016}.Release|Any CPU.ActiveCfg = Release|Any CPU
		{B543009C-C714-44D7-B0BC-FED1069D7016}.Release|Any CPU.Build.0 = Release|Any CPU
		{809DC555-5BF7-4C41-ACB5-DED693B380A0}.Debug|Any CPU.ActiveCfg = Debug|Any CPU
		{809DC555-5BF7-4C41-ACB5-DED693B380A0}.Debug|Any CPU.Build.0 = Debug|Any CPU
		{809DC555-5BF7-4C41-ACB5-DED693B380A0}.Release|Any CPU.ActiveCfg = Release|Any CPU
		{809DC555-5BF7-4C41-ACB5-DED693B380A0}.Release|Any CPU.Build.0 = Release|Any CPU
		{1C22A885-C3DE-43A2-8D88-2050ABF37E0E}.Debug|Any CPU.ActiveCfg = Debug|Any CPU
		{1C22A885-C3DE-43A2-8D88-2050ABF37E0E}.Debug|Any CPU.Build.0 = Debug|Any CPU
		{1C22A885-C3DE-43A2-8D88-2050ABF37E0E}.Release|Any CPU.ActiveCfg = Release|Any CPU
		{1C22A885-C3DE-43A2-8D88-2050ABF37E0E}.Release|Any CPU.Build.0 = Release|Any CPU
		{40B83EDA-0E83-48C3-8533-EA2685344295}.Debug|Any CPU.ActiveCfg = Debug|Any CPU
		{40B83EDA-0E83-48C3-8533-EA2685344295}.Debug|Any CPU.Build.0 = Debug|Any CPU
		{40B83EDA-0E83-48C3-8533-EA2685344295}.Release|Any CPU.ActiveCfg = Release|Any CPU
		{40B83EDA-0E83-48C3-8533-EA2685344295}.Release|Any CPU.Build.0 = Release|Any CPU
	EndGlobalSection
	GlobalSection(SolutionProperties) = preSolution
		HideSolutionNode = FALSE
	EndGlobalSection
	GlobalSection(NestedProjects) = preSolution
		{4ABCFF04-5527-424D-B9E0-9A5B56642932} = {4196BDD0-C8FE-4A1F-9930-D43C91F37A05}
		{B543009C-C714-44D7-B0BC-FED1069D7016} = {7E94A6F2-8F01-47F6-94EB-5AF0A9DE4C05}
		{809DC555-5BF7-4C41-ACB5-DED693B380A0} = {362811BE-6A35-4F4A-8C04-ABE382D0FA94}
		{1C22A885-C3DE-43A2-8D88-2050ABF37E0E} = {62CE0AAF-3AFC-43A8-B1BF-2B72CF0551E8}
		{40B83EDA-0E83-48C3-8533-EA2685344295} = {9478506A-C621-4AAC-A577-F108695D2296}
	EndGlobalSection
EndGlobal
